
Microsoft Visual Studio Solution File, Format Version 12.00
# Visual Studio Version 16
VisualStudioVersion = 16.0.30611.23
MinimumVisualStudioVersion = 10.0.40219.1
Project("{FAE04EC0-301F-11D3-BF4B-00C04F79EFBC}") = "StaffResources", "StaffResources.csproj", "{F93706F2-8B1C-49E9-BCD0-9DAF9C669C50}"
EndProject
Global
	GlobalSection(SolutionConfigurationPlatforms) = preSolution
		Debug|Any CPU = Debug|Any CPU
		Release|Any CPU = Release|Any CPU
	EndGlobalSection
	GlobalSection(ProjectConfigurationPlatforms) = postSolution
		{F93706F2-8B1C-49E9-BCD0-9DAF9C669C50}.Debug|Any CPU.ActiveCfg = Debug|Any CPU
		{F93706F2-8B1C-49E9-BCD0-9DAF9C669C50}.Debug|Any CPU.Build.0 = Debug|Any CPU
		{F93706F2-8B1C-49E9-BCD0-9DAF9C669C50}.Release|Any CPU.ActiveCfg = Release|Any CPU
		{F93706F2-8B1C-49E9-BCD0-9DAF9C669C50}.Release|Any CPU.Build.0 = Release|Any CPU
	EndGlobalSection
	GlobalSection(SolutionProperties) = preSolution
		HideSolutionNode = FALSE
	EndGlobalSection
	GlobalSection(ExtensibilityGlobals) = postSolution
		SolutionGuid = {0F9F5EA2-EFEE-4A19-829A-FDD7A4ACCFB0}
	EndGlobalSection
EndGlobal
